
Microsoft Visual Studio Solution File, Format Version 12.00
# Visual Studio Version 16
VisualStudioVersion = 16.0.31729.503
MinimumVisualStudioVersion = 10.0.40219.1
Project("{F184B08F-C81C-45F6-A57F-5ABD9991F28F}") = "OnOff", "OnOff\OnOff.vbproj", "{60362BA1-22A3-446C-8F90-FA8954B8B6BF}"
EndProject
Global
	GlobalSection(SolutionConfigurationPlatforms) = preSolution
		Debug|Any CPU = Debug|Any CPU
		Release|Any CPU = Release|Any CPU
	EndGlobalSection
	GlobalSection(ProjectConfigurationPlatforms) = postSolution
		{60362BA1-22A3-446C-8F90-FA8954B8B6BF}.Debug|Any CPU.ActiveCfg = Debug|Any CPU
		{60362BA1-22A3-446C-8F90-FA8954B8B6BF}.Debug|Any CPU.Build.0 = Debug|Any CPU
		{60362BA1-22A3-446C-8F90-FA8954B8B6BF}.Release|Any CPU.ActiveCfg = Release|Any CPU
		{60362BA1-22A3-446C-8F90-FA8954B8B6BF}.Release|Any CPU.Build.0 = Release|Any CPU
	EndGlobalSection
	GlobalSection(SolutionProperties) = preSolution
		HideSolutionNode = FALSE
	EndGlobalSection
	GlobalSection(ExtensibilityGlobals) = postSolution
		SolutionGuid = {752B81C5-DE93-4391-87A6-06FBB0628DE0}
	EndGlobalSection
EndGlobal
